
Microsoft Visual Studio Solution File, Format Version 12.00
# Visual Studio Version 17
VisualStudioVersion = 17.2.32602.215
MinimumVisualStudioVersion = 10.0.40219.1
Project("{FAE04EC0-301F-11D3-BF4B-00C04F79EFBC}") = "UmbracoProject1", "UmbracoProject1.csproj", "{8C9AD127-215D-4738-9D3E-368F6B43FED5}"
EndProject
Global
	GlobalSection(SolutionConfigurationPlatforms) = preSolution
		Debug|Any CPU = Debug|Any CPU
		Release|Any CPU = Release|Any CPU
	EndGlobalSection
	GlobalSection(ProjectConfigurationPlatforms) = postSolution
		{8C9AD127-215D-4738-9D3E-368F6B43FED5}.Debug|Any CPU.ActiveCfg = Debug|Any CPU
		{8C9AD127-215D-4738-9D3E-368F6B43FED5}.Debug|Any CPU.Build.0 = Debug|Any CPU
		{8C9AD127-215D-4738-9D3E-368F6B43FED5}.Release|Any CPU.ActiveCfg = Release|Any CPU
		{8C9AD127-215D-4738-9D3E-368F6B43FED5}.Release|Any CPU.Build.0 = Release|Any CPU
	EndGlobalSection
	GlobalSection(SolutionProperties) = preSolution
		HideSolutionNode = FALSE
	EndGlobalSection
	GlobalSection(ExtensibilityGlobals) = postSolution
		SolutionGuid = {DC5F5C76-77A1-4657-85C2-D73B065A4D4C}
	EndGlobalSection
EndGlobal
